
Microsoft Visual Studio Solution File, Format Version 12.00
# Visual Studio 15
VisualStudioVersion = 15.0.26730.16
MinimumVisualStudioVersion = 10.0.40219.1
Project("{FAE04EC0-301F-11D3-BF4B-00C04F79EFBC}") = "SettingsDynamic", "SettingsDynamic\SettingsDynamic.csproj", "{33C5920C-9DF1-4E73-BFDC-BDFD20F607B2}"
EndProject
Project("{FAE04EC0-301F-11D3-BF4B-00C04F79EFBC}") = "ClassLibrary1", "ClassLibrary1\ClassLibrary1.csproj", "{85B04478-472C-4EE6-9D1C-1323AA029EA4}"
EndProject
Project("{FAE04EC0-301F-11D3-BF4B-00C04F79EFBC}") = "Context", "Context\Context.csproj", "{AE1D5EB3-4315-45CD-9746-FB7FA34BA763}"
EndProject
Global
	GlobalSection(SolutionConfigurationPlatforms) = preSolution
		Debug|Any CPU = Debug|Any CPU
		Release|Any CPU = Release|Any CPU
	EndGlobalSection
	GlobalSection(ProjectConfigurationPlatforms) = postSolution
		{33C5920C-9DF1-4E73-BFDC-BDFD20F607B2}.Debug|Any CPU.ActiveCfg = Debug|Any CPU
		{33C5920C-9DF1-4E73-BFDC-BDFD20F607B2}.Debug|Any CPU.Build.0 = Debug|Any CPU
		{33C5920C-9DF1-4E73-BFDC-BDFD20F607B2}.Release|Any CPU.ActiveCfg = Release|Any CPU
		{33C5920C-9DF1-4E73-BFDC-BDFD20F607B2}.Release|Any CPU.Build.0 = Release|Any CPU
		{85B04478-472C-4EE6-9D1C-1323AA029EA4}.Debug|Any CPU.ActiveCfg = Debug|Any CPU
		{85B04478-472C-4EE6-9D1C-1323AA029EA4}.Debug|Any CPU.Build.0 = Debug|Any CPU
		{85B04478-472C-4EE6-9D1C-1323AA029EA4}.Release|Any CPU.ActiveCfg = Release|Any CPU
		{85B04478-472C-4EE6-9D1C-1323AA029EA4}.Release|Any CPU.Build.0 = Release|Any CPU
		{AE1D5EB3-4315-45CD-9746-FB7FA34BA763}.Debug|Any CPU.ActiveCfg = Debug|Any CPU
		{AE1D5EB3-4315-45CD-9746-FB7FA34BA763}.Debug|Any CPU.Build.0 = Debug|Any CPU
		{AE1D5EB3-4315-45CD-9746-FB7FA34BA763}.Release|Any CPU.ActiveCfg = Release|Any CPU
		{AE1D5EB3-4315-45CD-9746-FB7FA34BA763}.Release|Any CPU.Build.0 = Release|Any CPU
	EndGlobalSection
	GlobalSection(SolutionProperties) = preSolution
		HideSolutionNode = FALSE
	EndGlobalSection
	GlobalSection(ExtensibilityGlobals) = postSolution
		SolutionGuid = {FBBDB2CB-0C99-444E-A5C6-B375FEB67CED}
	EndGlobalSection
EndGlobal
